{
  "name": "backend",
  "lockfileVersion": 3,
  "requires": true,
  "packages": {
    "": {
      "dependencies": {
        "@hotwired/stimulus": "^3.2.2",
        "@tailwindcss/aspect-ratio": "^0.4.2",
        "@tailwindcss/container-queries": "^0.1.1",
        "@tailwindcss/forms": "^0.5.10",
        "@tailwindcss/typography": "^0.5.16",
        "cropperjs": "^2.0.0",
        "tailwindcss": "^4.1.12",
        "tw-elements": "^2.0.0"
      }
    },
    "node_modules/@cropper/elements": {
      "version": "2.0.0",
      "resolved": "https://registry.npmjs.org/@cropper/elements/-/elements-2.0.0.tgz",
      "integrity": "sha512-PQkPo1nUjxLFUQuHYu+6atfHxpX9B41Xribao6wpvmvmNIFML6LQdNqqWYb6LyM7ujsu71CZdBiMT5oetjJVoQ==",
      "license": "MIT",
      "dependencies": {
        "@cropper/element": "^2.0.0",
        "@cropper/element-canvas": "^2.0.0",
        "@cropper/element-crosshair": "^2.0.0",
        "@cropper/element-grid": "^2.0.0",
        "@cropper/element-handle": "^2.0.0",
        "@cropper/element-image": "^2.0.0",
        "@cropper/element-selection": "^2.0.0",
        "@cropper/element-shade": "^2.0.0",
        "@cropper/element-viewer": "^2.0.0"
      }
    },
    "node_modules/@cropper/elements/node_modules/@cropper/element": {
      "version": "2.0.0",
      "resolved": "https://registry.npmjs.org/@cropper/element/-/element-2.0.0.tgz",
      "integrity": "sha512-lsthn0nQq73GExUE7Mg/ss6Q3RXADGDv055hxoLFwvl/wGHgy6ZkYlfLZ/VmgBHC6jDK5IgPBFnqrPqlXWSGBA==",
      "license": "MIT",
      "dependencies": {
        "@cropper/utils": "^2.0.0"
      }
    },
    "node_modules/@cropper/elements/node_modules/@cropper/element-canvas": {
      "version": "2.0.0",
      "resolved": "https://registry.npmjs.org/@cropper/element-canvas/-/element-canvas-2.0.0.tgz",
      "integrity": "sha512-GPtGJgSm92crJhhhwUsaMw3rz2KfJWWSz7kRAlufFEV/EHTP5+6r6/Z1BCGRna830i+Avqbm435XLOtA7PVJwA==",
      "license": "MIT",
      "dependencies": {
        "@cropper/element": "^2.0.0",
        "@cropper/utils": "^2.0.0"
      }
    },
    "node_modules/@cropper/elements/node_modules/@cropper/element-crosshair": {
      "version": "2.0.0",
      "resolved": "https://registry.npmjs.org/@cropper/element-crosshair/-/element-crosshair-2.0.0.tgz",
      "integrity": "sha512-KfPfyrdeFvUC31Ws7ATtcalWWSaMtrC6bMoCipZhqbUOE7wZoL4ecDSL6BUOZxPa74awZUqfzirCDjHvheBfyw==",
      "license": "MIT",
      "dependencies": {
        "@cropper/element": "^2.0.0",
        "@cropper/utils": "^2.0.0"
      }
    },
    "node_modules/@cropper/elements/node_modules/@cropper/element-grid": {
      "version": "2.0.0",
      "resolved": "https://registry.npmjs.org/@cropper/element-grid/-/element-grid-2.0.0.tgz",
      "integrity": "sha512-i78SQ0IJTLFveKX6P7svkfMYVdgHrQ8ZmmEw8keFy9n1ZVbK+SK0UHK5FNMRNI/gtVhKJOGEnK/zeyjUdj4Iyw==",
      "license": "MIT",
      "dependencies": {
        "@cropper/element": "^2.0.0",
        "@cropper/utils": "^2.0.0"
      }
    },
    "node_modules/@cropper/elements/node_modules/@cropper/element-handle": {
      "version": "2.0.0",
      "resolved": "https://registry.npmjs.org/@cropper/element-handle/-/element-handle-2.0.0.tgz",
      "integrity": "sha512-ZJvW+0MkK9E8xYymGdoruaQn2kwjSHFpNSWinjyq6csuVQiCPxlX5ovAEDldmZ9MWePPtWEi3vLKQOo2Yb0T8g==",
      "license": "MIT",
      "dependencies": {
        "@cropper/element": "^2.0.0",
        "@cropper/utils": "^2.0.0"
      }
    },
    "node_modules/@cropper/elements/node_modules/@cropper/element-image": {
      "version": "2.0.0",
      "resolved": "https://registry.npmjs.org/@cropper/element-image/-/element-image-2.0.0.tgz",
      "integrity": "sha512-9BxiTS/aHRmrjopaFQb9mQQXmx4ruhYHGkDZMVz24AXpMFjUY6OpqrWse/WjzD9tfhMFvEdu17b3VAekcAgpeg==",
      "license": "MIT",
      "dependencies": {
        "@cropper/element": "^2.0.0",
        "@cropper/element-canvas": "^2.0.0",
        "@cropper/utils": "^2.0.0"
      }
    },
    "node_modules/@cropper/elements/node_modules/@cropper/element-selection": {
      "version": "2.0.0",
      "resolved": "https://registry.npmjs.org/@cropper/element-selection/-/element-selection-2.0.0.tgz",
      "integrity": "sha512-ensNnbIfJsJ8bhbJTH/RXtk2URFvTOO4TvfRk461n2FPEC588D7rwBmUJxQg74IiTi4y1JbCI+6j+4LyzYBLCQ==",
      "license": "MIT",
      "dependencies": {
        "@cropper/element": "^2.0.0",
        "@cropper/element-canvas": "^2.0.0",
        "@cropper/element-image": "^2.0.0",
        "@cropper/utils": "^2.0.0"
      }
    },
    "node_modules/@cropper/elements/node_modules/@cropper/element-shade": {
      "version": "2.0.0",
      "resolved": "https://registry.npmjs.org/@cropper/element-shade/-/element-shade-2.0.0.tgz",
      "integrity": "sha512-jv/2bbNZnhU4W+T4G0c8ADocLIZvQFTXgCf2RFDNhI5UVxurzWBnDdb8Mx8LnVplnkTqO+xUmHZYve0CwgWo+Q==",
      "license": "MIT",
      "dependencies": {
        "@cropper/element": "^2.0.0",
        "@cropper/element-canvas": "^2.0.0",
        "@cropper/element-selection": "^2.0.0",
        "@cropper/utils": "^2.0.0"
      }
    },
    "node_modules/@cropper/elements/node_modules/@cropper/element-viewer": {
      "version": "2.0.0",
      "resolved": "https://registry.npmjs.org/@cropper/element-viewer/-/element-viewer-2.0.0.tgz",
      "integrity": "sha512-zY+3VRN5TvpM8twlphYtXw0tzJL2VgzeK7ufhL1BixVqOdRxwP13TprYIhqwGt9EW/SyJZUiaIu396T89kRX8A==",
      "license": "MIT",
      "dependencies": {
        "@cropper/element": "^2.0.0",
        "@cropper/element-canvas": "^2.0.0",
        "@cropper/element-image": "^2.0.0",
        "@cropper/element-selection": "^2.0.0",
        "@cropper/utils": "^2.0.0"
      }
    },
    "node_modules/@cropper/utils": {
      "version": "2.0.0",
      "resolved": "https://registry.npmjs.org/@cropper/utils/-/utils-2.0.0.tgz",
      "integrity": "sha512-cprLYr+7kK3faGgoOsTW9gIn5sefDr2KwOmgyjzIXk+8PLpW8FgFKEg5FoWfRD5zMAmkCBuX6rGKDK3VdUEGrg==",
      "license": "MIT"
    },
    "node_modules/@hotwired/stimulus": {
      "version": "3.2.2",
      "resolved": "https://registry.npmjs.org/@hotwired/stimulus/-/stimulus-3.2.2.tgz",
      "integrity": "sha512-eGeIqNOQpXoPAIP7tC1+1Yc1yl1xnwYqg+3mzqxyrbE5pg5YFBZcA6YoTiByJB6DKAEsiWtl6tjTJS4IYtbB7A==",
      "license": "MIT"
    },
    "node_modules/@tailwindcss/aspect-ratio": {
      "version": "0.4.2",
      "resolved": "https://registry.npmjs.org/@tailwindcss/aspect-ratio/-/aspect-ratio-0.4.2.tgz",
      "integrity": "sha512-8QPrypskfBa7QIMuKHg2TA7BqES6vhBrDLOv8Unb6FcFyd3TjKbc6lcmb9UPQHxfl24sXoJ41ux/H7qQQvfaSQ==",
      "license": "MIT",
      "peerDependencies": {
        "tailwindcss": ">=2.0.0 || >=3.0.0 || >=3.0.0-alpha.1"
      }
    },
    "node_modules/@tailwindcss/container-queries": {
      "version": "0.1.1",
      "resolved": "https://registry.npmjs.org/@tailwindcss/container-queries/-/container-queries-0.1.1.tgz",
      "integrity": "sha512-p18dswChx6WnTSaJCSGx6lTmrGzNNvm2FtXmiO6AuA1V4U5REyoqwmT6kgAsIMdjo07QdAfYXHJ4hnMtfHzWgA==",
      "license": "MIT",
      "peerDependencies": {
        "tailwindcss": ">=3.2.0"
      }
    },
    "node_modules/@tailwindcss/forms": {
      "version": "0.5.10",
      "resolved": "https://registry.npmjs.org/@tailwindcss/forms/-/forms-0.5.10.tgz",
      "integrity": "sha512-utI1ONF6uf/pPNO68kmN1b8rEwNXv3czukalo8VtJH8ksIkZXr3Q3VYudZLkCsDd4Wku120uF02hYK25XGPorw==",
      "license": "MIT",
      "dependencies": {
        "mini-svg-data-uri": "^1.2.3"
      },
      "peerDependencies": {
        "tailwindcss": ">=3.0.0 || >= 3.0.0-alpha.1 || >= 4.0.0-alpha.20 || >= 4.0.0-beta.1"
      }
    },
    "node_modules/@tailwindcss/typography": {
      "version": "0.5.16",
      "resolved": "https://registry.npmjs.org/@tailwindcss/typography/-/typography-0.5.16.tgz",
      "integrity": "sha512-0wDLwCVF5V3x3b1SGXPCDcdsbDHMBe+lkFzBRaHeLvNi+nrrnZ1lA18u+OTWO8iSWU2GxUOCvlXtDuqftc1oiA==",
      "license": "MIT",
      "dependencies": {
        "lodash.castarray": "^4.4.0",
        "lodash.isplainobject": "^4.0.6",
        "lodash.merge": "^4.6.2",
        "postcss-selector-parser": "6.0.10"
      },
      "peerDependencies": {
        "tailwindcss": ">=3.0.0 || insiders || >=4.0.0-alpha.20 || >=4.0.0-beta.1"
      }
    },
    "node_modules/cropperjs": {
      "version": "2.0.0",
      "resolved": "https://registry.npmjs.org/cropperjs/-/cropperjs-2.0.0.tgz",
      "integrity": "sha512-TO2j0Qre01kPHbow4FuTrbdEB4jTmGRySxW49jyEIqlJZuEBfrvCTT0vC3eRB2WBXudDfKi1Onako6DKWKxeAQ==",
      "license": "MIT",
      "dependencies": {
        "@cropper/elements": "^2.0.0",
        "@cropper/utils": "^2.0.0"
      }
    },
    "node_modules/cssesc": {
      "version": "3.0.0",
      "resolved": "https://registry.npmjs.org/cssesc/-/cssesc-3.0.0.tgz",
      "integrity": "sha512-/Tb/JcjK111nNScGob5MNtsntNM1aCNUDipB/TkwZFhyDrrE47SOx/18wF2bbjgc3ZzCSKW1T5nt5EbFoAz/Vg==",
      "license": "MIT",
      "bin": {
        "cssesc": "bin/cssesc"
      },
      "engines": {
        "node": ">=4"
      }
    },
    "node_modules/lodash.castarray": {
      "version": "4.4.0",
      "resolved": "https://registry.npmjs.org/lodash.castarray/-/lodash.castarray-4.4.0.tgz",
      "integrity": "sha512-aVx8ztPv7/2ULbArGJ2Y42bG1mEQ5mGjpdvrbJcJFU3TbYybe+QlLS4pst9zV52ymy2in1KpFPiZnAOATxD4+Q==",
      "license": "MIT"
    },
    "node_modules/lodash.isplainobject": {
      "version": "4.0.6",
      "resolved": "https://registry.npmjs.org/lodash.isplainobject/-/lodash.isplainobject-4.0.6.tgz",
      "integrity": "sha512-oSXzaWypCMHkPC3NvBEaPHf0KsA5mvPrOPgQWDsbg8n7orZ290M0BmC/jgRZ4vcJ6DTAhjrsSYgdsW/F+MFOBA==",
      "license": "MIT"
    },
    "node_modules/lodash.merge": {
      "version": "4.6.2",
      "resolved": "https://registry.npmjs.org/lodash.merge/-/lodash.merge-4.6.2.tgz",
      "integrity": "sha512-0KpjqXRVvrYyCsX1swR/XTK0va6VQkQM6MNo7PqW77ByjAhoARA8EfrP1N4+KlKj8YS0ZUCtRT/YUuhyYDujIQ==",
      "license": "MIT"
    },
    "node_modules/mini-svg-data-uri": {
      "version": "1.4.4",
      "resolved": "https://registry.npmjs.org/mini-svg-data-uri/-/mini-svg-data-uri-1.4.4.tgz",
      "integrity": "sha512-r9deDe9p5FJUPZAk3A59wGH7Ii9YrjjWw0jmw/liSbHl2CHiyXj6FcDXDu2K3TjVAXqiJdaw3xxwlZZr9E6nHg==",
      "license": "MIT",
      "bin": {
        "mini-svg-data-uri": "cli.js"
      }
    },
    "node_modules/postcss-selector-parser": {
      "version": "6.0.10",
      "resolved": "https://registry.npmjs.org/postcss-selector-parser/-/postcss-selector-parser-6.0.10.tgz",
      "integrity": "sha512-IQ7TZdoaqbT+LCpShg46jnZVlhWD2w6iQYAcYXfHARZ7X1t/UGhhceQDs5X0cGqKvYlHNOuv7Oa1xmb0oQuA3w==",
      "license": "MIT",
      "dependencies": {
        "cssesc": "^3.0.0",
        "util-deprecate": "^1.0.2"
      },
      "engines": {
        "node": ">=4"
      }
    },
    "node_modules/tailwindcss": {
      "version": "4.1.12",
      "resolved": "https://registry.npmjs.org/tailwindcss/-/tailwindcss-4.1.12.tgz",
      "integrity": "sha512-DzFtxOi+7NsFf7DBtI3BJsynR+0Yp6etH+nRPTbpWnS2pZBaSksv/JGctNwSWzbFjp0vxSqknaUylseZqMDGrA==",
      "license": "MIT"
    },
    "node_modules/tw-elements": {
      "version": "2.0.0",
      "resolved": "https://registry.npmjs.org/tw-elements/-/tw-elements-2.0.0.tgz",
      "integrity": "sha512-aiitkqzmCZIZ9zJr3V6ErVzU/CrKoAkptpv94t0pEKnVn2Ah4jOplXOO/v6Fo9jr3PoTA5dxvlyS4w8rnW/iag==",
      "license": "SEE LICENSE IN <License.txt>"
    },
    "node_modules/util-deprecate": {
      "version": "1.0.2",
      "resolved": "https://registry.npmjs.org/util-deprecate/-/util-deprecate-1.0.2.tgz",
      "integrity": "sha512-EPD5q1uXyFxJpCrLnCc1nHnq3gOa6DZBocAIiI2TaSCA7VCJ1UJDMagCzIkXNsUYfD1daK//LTEQ8xiIbrHtcw==",
      "license": "MIT"
    }
  }
}
