# THIS IS AN AUTOGENERATED FILE. DO NOT EDIT THIS FILE DIRECTLY.
# yarn lockfile v1


"@cropper/element-canvas@^2.0.1":
  version "2.0.1"
  resolved "https://registry.yarnpkg.com/@cropper/element-canvas/-/element-canvas-2.0.1.tgz#564451270a642b1da56ad53b7e495dc1a77b19f3"
  integrity sha512-OKxq/O0HL9W2JegOsc2zh1NRpERZcLM5+M8aQ/eXdmMcfi1lzosPftag3Irp6pTsVpwV6B6ypIxKESzJ4ci9Fw==
  dependencies:
    "@cropper/element" "^2.0.1"
    "@cropper/utils" "^2.0.1"

"@cropper/element-crosshair@^2.0.1":
  version "2.0.1"
  resolved "https://registry.yarnpkg.com/@cropper/element-crosshair/-/element-crosshair-2.0.1.tgz#207b9962cd1678d8e60418f54825a76bd2382b74"
  integrity sha512-bS5msU9cTU/jf1/kDw+QJmEM9/rw8IgOdpolR85iMVUCR8sRcLa0wgom42MBHcpBYB6hvL5YfiOeXZ7lHIYMpw==
  dependencies:
    "@cropper/element" "^2.0.1"
    "@cropper/utils" "^2.0.1"

"@cropper/element-grid@^2.0.1":
  version "2.0.1"
  resolved "https://registry.yarnpkg.com/@cropper/element-grid/-/element-grid-2.0.1.tgz#4d4ee1b873be6b0dbd07e5b3686da30265aed401"
  integrity sha512-ayqCvYQJ+GVT31HhFpttzHabW1T/LsIwLJY5PLTMG0cEZLw/E8ihg8mxctjZbo852D7oEePbz6/2SeuCb1018Q==
  dependencies:
    "@cropper/element" "^2.0.1"
    "@cropper/utils" "^2.0.1"

"@cropper/element-handle@^2.0.1":
  version "2.0.1"
  resolved "https://registry.yarnpkg.com/@cropper/element-handle/-/element-handle-2.0.1.tgz#04032ef162ad2dead2bcfb41ebcaa951e37b111c"
  integrity sha512-fdifyyPIaR9S2eQ7qPHuM8fX8uToAfBsi8vQlR9EM+oJkDNil0uO4rWyArLWEtlr0/q7U0OvsufcuJ7ffqfmpg==
  dependencies:
    "@cropper/element" "^2.0.1"
    "@cropper/utils" "^2.0.1"

"@cropper/element-image@^2.0.1":
  version "2.0.1"
  resolved "https://registry.yarnpkg.com/@cropper/element-image/-/element-image-2.0.1.tgz#38fb8470ce286b276d384556efa66eb47190c864"
  integrity sha512-gPj5Sl2T8Cno198Cz3F3TDfcYoALW3yJ3fV6PHXmhMnX8sBkL7J441do7Vwkg0mEd2CogCtTLAf+p7ljdV0kgA==
  dependencies:
    "@cropper/element" "^2.0.1"
    "@cropper/element-canvas" "^2.0.1"
    "@cropper/utils" "^2.0.1"

"@cropper/element-selection@^2.0.1":
  version "2.0.1"
  resolved "https://registry.yarnpkg.com/@cropper/element-selection/-/element-selection-2.0.1.tgz#965df6f2d6cd986c83efa325766c29700488eba1"
  integrity sha512-atv+Aeq2N2eWawelIRPGh1kYFdNrpb0QkUPPheGxz1ImfxpLdcHO9gb9T5noQijizUW2G0pNvts4ZaITQ0I71Q==
  dependencies:
    "@cropper/element" "^2.0.1"
    "@cropper/element-canvas" "^2.0.1"
    "@cropper/element-image" "^2.0.1"
    "@cropper/utils" "^2.0.1"

"@cropper/element-shade@^2.0.1":
  version "2.0.1"
  resolved "https://registry.yarnpkg.com/@cropper/element-shade/-/element-shade-2.0.1.tgz#5ba42c8066fb6439f5f513a73b93f0c62236acaa"
  integrity sha512-YIYgJ690NdFQ6wJLRFh/EySNVxGFKArncQ4FrsJ3yHU+ShgtOKz4FpjFLpqJRJB9swoVbD3WKTimGyzXrwjZrQ==
  dependencies:
    "@cropper/element" "^2.0.1"
    "@cropper/element-canvas" "^2.0.1"
    "@cropper/element-selection" "^2.0.1"
    "@cropper/utils" "^2.0.1"

"@cropper/element-viewer@^2.0.1":
  version "2.0.1"
  resolved "https://registry.yarnpkg.com/@cropper/element-viewer/-/element-viewer-2.0.1.tgz#3bf79a1f09acae5dc12d6e9c88a4dc7ab7de0b9d"
  integrity sha512-HDj25l08pWi/AO6El/OqfQHBpBC4Lh5NEnQN1SOldsmxEwt27Ubv6ndDsF8LkTK7XPwjjZRpyQPyfig4w8L2JQ==
  dependencies:
    "@cropper/element" "^2.0.1"
    "@cropper/element-canvas" "^2.0.1"
    "@cropper/element-image" "^2.0.1"
    "@cropper/element-selection" "^2.0.1"
    "@cropper/utils" "^2.0.1"

"@cropper/element@^2.0.1":
  version "2.0.1"
  resolved "https://registry.yarnpkg.com/@cropper/element/-/element-2.0.1.tgz#d5a486064a3b3ea055a655826041d35097a28526"
  integrity sha512-Jn1hR7XWzWQM/QfXRGMGzdkJ2gG/UcLdQPZQ7OKs0JiFfRzKpzu4u/nYrXHeH3MM2iOslLqh2kqYju6mjZLMJQ==
  dependencies:
    "@cropper/utils" "^2.0.1"

"@cropper/elements@^2.0.1":
  version "2.0.1"
  resolved "https://registry.yarnpkg.com/@cropper/elements/-/elements-2.0.1.tgz#954192d3a90c6bfeca2fcc8f5b1df972de1e7661"
  integrity sha512-paFbBLXTKXNngn1yDi2ZIf+FO1pIEQXyBntmqOjuxqtG73KuEKv633wsJPFpj958bgcfSakgBbF80j+3nHbPug==
  dependencies:
    "@cropper/element" "^2.0.1"
    "@cropper/element-canvas" "^2.0.1"
    "@cropper/element-crosshair" "^2.0.1"
    "@cropper/element-grid" "^2.0.1"
    "@cropper/element-handle" "^2.0.1"
    "@cropper/element-image" "^2.0.1"
    "@cropper/element-selection" "^2.0.1"
    "@cropper/element-shade" "^2.0.1"
    "@cropper/element-viewer" "^2.0.1"

"@cropper/utils@^2.0.1":
  version "2.0.1"
  resolved "https://registry.yarnpkg.com/@cropper/utils/-/utils-2.0.1.tgz#ef24496854be61c677c0e97951813ff9495844d6"
  integrity sha512-A9RnAFmgNF5aZk5q2VZnFnHtXWu1kPyEN0LVsX8wJ2LBRu2nyETKwz+ZXVsVWliktToCaYojHKrS+6/HODyEZA==

"@hotwired/stimulus@^3.2.2":
  version "3.2.2"
  resolved "https://registry.npmjs.org/@hotwired/stimulus/-/stimulus-3.2.2.tgz"
  integrity sha512-eGeIqNOQpXoPAIP7tC1+1Yc1yl1xnwYqg+3mzqxyrbE5pg5YFBZcA6YoTiByJB6DKAEsiWtl6tjTJS4IYtbB7A==

"@tailwindcss/aspect-ratio@^0.4.2":
  version "0.4.2"
  resolved "https://registry.npmjs.org/@tailwindcss/aspect-ratio/-/aspect-ratio-0.4.2.tgz"
  integrity sha512-8QPrypskfBa7QIMuKHg2TA7BqES6vhBrDLOv8Unb6FcFyd3TjKbc6lcmb9UPQHxfl24sXoJ41ux/H7qQQvfaSQ==

"@tailwindcss/container-queries@^0.1.1":
  version "0.1.1"
  resolved "https://registry.npmjs.org/@tailwindcss/container-queries/-/container-queries-0.1.1.tgz"
  integrity sha512-p18dswChx6WnTSaJCSGx6lTmrGzNNvm2FtXmiO6AuA1V4U5REyoqwmT6kgAsIMdjo07QdAfYXHJ4hnMtfHzWgA==

"@tailwindcss/forms@^0.5.10":
  version "0.5.10"
  resolved "https://registry.npmjs.org/@tailwindcss/forms/-/forms-0.5.10.tgz"
  integrity sha512-utI1ONF6uf/pPNO68kmN1b8rEwNXv3czukalo8VtJH8ksIkZXr3Q3VYudZLkCsDd4Wku120uF02hYK25XGPorw==
  dependencies:
    mini-svg-data-uri "^1.2.3"

"@tailwindcss/typography@^0.5.16":
  version "0.5.16"
  resolved "https://registry.npmjs.org/@tailwindcss/typography/-/typography-0.5.16.tgz"
  integrity sha512-0wDLwCVF5V3x3b1SGXPCDcdsbDHMBe+lkFzBRaHeLvNi+nrrnZ1lA18u+OTWO8iSWU2GxUOCvlXtDuqftc1oiA==
  dependencies:
    lodash.castarray "^4.4.0"
    lodash.isplainobject "^4.0.6"
    lodash.merge "^4.6.2"
    postcss-selector-parser "6.0.10"

cropperjs@^2.0.1:
  version "2.0.1"
  resolved "https://registry.yarnpkg.com/cropperjs/-/cropperjs-2.0.1.tgz#74492df8cf54563691605d1510679b242c7f6d39"
  integrity sha512-hiJwk2SCPZqxMA7aR3byzLpYUqOrQo+ihMk8k/WRm/xe/LX8wNzAIzMwEB/NEGJYA6sbewxW9TUlrRUYi/2Ipg==
  dependencies:
    "@cropper/elements" "^2.0.1"
    "@cropper/utils" "^2.0.1"

cssesc@^3.0.0:
  version "3.0.0"
  resolved "https://registry.npmjs.org/cssesc/-/cssesc-3.0.0.tgz"
  integrity sha512-/Tb/JcjK111nNScGob5MNtsntNM1aCNUDipB/TkwZFhyDrrE47SOx/18wF2bbjgc3ZzCSKW1T5nt5EbFoAz/Vg==

lodash.castarray@^4.4.0:
  version "4.4.0"
  resolved "https://registry.npmjs.org/lodash.castarray/-/lodash.castarray-4.4.0.tgz"
  integrity sha512-aVx8ztPv7/2ULbArGJ2Y42bG1mEQ5mGjpdvrbJcJFU3TbYybe+QlLS4pst9zV52ymy2in1KpFPiZnAOATxD4+Q==

lodash.isplainobject@^4.0.6:
  version "4.0.6"
  resolved "https://registry.npmjs.org/lodash.isplainobject/-/lodash.isplainobject-4.0.6.tgz"
  integrity sha512-oSXzaWypCMHkPC3NvBEaPHf0KsA5mvPrOPgQWDsbg8n7orZ290M0BmC/jgRZ4vcJ6DTAhjrsSYgdsW/F+MFOBA==

lodash.merge@^4.6.2:
  version "4.6.2"
  resolved "https://registry.npmjs.org/lodash.merge/-/lodash.merge-4.6.2.tgz"
  integrity sha512-0KpjqXRVvrYyCsX1swR/XTK0va6VQkQM6MNo7PqW77ByjAhoARA8EfrP1N4+KlKj8YS0ZUCtRT/YUuhyYDujIQ==

mini-svg-data-uri@^1.2.3:
  version "1.4.4"
  resolved "https://registry.npmjs.org/mini-svg-data-uri/-/mini-svg-data-uri-1.4.4.tgz"
  integrity sha512-r9deDe9p5FJUPZAk3A59wGH7Ii9YrjjWw0jmw/liSbHl2CHiyXj6FcDXDu2K3TjVAXqiJdaw3xxwlZZr9E6nHg==

postcss-selector-parser@6.0.10:
  version "6.0.10"
  resolved "https://registry.npmjs.org/postcss-selector-parser/-/postcss-selector-parser-6.0.10.tgz"
  integrity sha512-IQ7TZdoaqbT+LCpShg46jnZVlhWD2w6iQYAcYXfHARZ7X1t/UGhhceQDs5X0cGqKvYlHNOuv7Oa1xmb0oQuA3w==
  dependencies:
    cssesc "^3.0.0"
    util-deprecate "^1.0.2"

tailwindcss@^4.1.12:
  version "4.1.12"
  resolved "https://registry.npmjs.org/tailwindcss/-/tailwindcss-4.1.12.tgz"
  integrity sha512-DzFtxOi+7NsFf7DBtI3BJsynR+0Yp6etH+nRPTbpWnS2pZBaSksv/JGctNwSWzbFjp0vxSqknaUylseZqMDGrA==

tw-elements@^2.0.0:
  version "2.0.0"
  resolved "https://registry.npmjs.org/tw-elements/-/tw-elements-2.0.0.tgz"
  integrity sha512-aiitkqzmCZIZ9zJr3V6ErVzU/CrKoAkptpv94t0pEKnVn2Ah4jOplXOO/v6Fo9jr3PoTA5dxvlyS4w8rnW/iag==

util-deprecate@^1.0.2:
  version "1.0.2"
  resolved "https://registry.npmjs.org/util-deprecate/-/util-deprecate-1.0.2.tgz"
  integrity sha512-EPD5q1uXyFxJpCrLnCc1nHnq3gOa6DZBocAIiI2TaSCA7VCJ1UJDMagCzIkXNsUYfD1daK//LTEQ8xiIbrHtcw==
